<?xml version="1.0" encoding="utf-8"?>
<Project ToolsVersion="4.0" xmlns="http://schemas.microsoft.com/developer/msbuild/2003">
  <ItemGroup>
    <Filter Include="Pixie">
      <UniqueIdentifier>{A448E20D-105D-0ABF-D9DE-AD1E45B206F0}</UniqueIdentifier>
    </Filter>
  </ItemGroup>
  <ItemGroup>
    <ClInclude Include="src\Pixie.h" />
    <ClInclude Include="src\Pixie\Console.h">
      <Filter>Pixie</Filter>
    </ClInclude>
    <ClInclude Include="src\Pixie\Main.h">
      <Filter>Pixie</Filter>
    </ClInclude>
    <ClInclude Include="src\Pixie\Time.h">
      <Filter>Pixie</Filter>
    </ClInclude>
    <ClInclude Include="src\Pixie\Window.h" />
    <ClInclude Include="src\Platform\Windows\WindowsWindow.h" />
  </ItemGroup>
  <ItemGroup>
    <ClCompile Include="src\Pixie\Console.cpp">
      <Filter>Pixie</Filter>
    </ClCompile>
    <ClCompile Include="src\Pixie\Time.cpp">
      <Filter>Pixie</Filter>
    </ClCompile>
    <ClCompile Include="src\Platform\Windows\WindowsWindow.cpp" />
    <ClCompile Include="src\Pixie\Window.cpp" />
  </ItemGroup>
</Project>